
Microsoft Visual Studio Solution File, Format Version 12.00
# Visual Studio Version 17
VisualStudioVersion = 17.0.31903.59
MinimumVisualStudioVersion = 10.0.40219.1
Project("{FAE04EC0-301F-11D3-BF4B-00C04F79EFBC}") = "richBoxDinoK", "richBoxDinoK.csproj", "{F759694B-F59A-4AC3-88ED-AAC4CE78C7E4}"
EndProject
Global
	GlobalSection(SolutionConfigurationPlatforms) = preSolution
		Debug|Any CPU = Debug|Any CPU
		Release|Any CPU = Release|Any CPU
	EndGlobalSection
	GlobalSection(ProjectConfigurationPlatforms) = postSolution
		{F759694B-F59A-4AC3-88ED-AAC4CE78C7E4}.Debug|Any CPU.ActiveCfg = Debug|Any CPU
		{F759694B-F59A-4AC3-88ED-AAC4CE78C7E4}.Debug|Any CPU.Build.0 = Debug|Any CPU
		{F759694B-F59A-4AC3-88ED-AAC4CE78C7E4}.Release|Any CPU.ActiveCfg = Release|Any CPU
		{F759694B-F59A-4AC3-88ED-AAC4CE78C7E4}.Release|Any CPU.Build.0 = Release|Any CPU
	EndGlobalSection
	GlobalSection(SolutionProperties) = preSolution
		HideSolutionNode = FALSE
	EndGlobalSection
	GlobalSection(ExtensibilityGlobals) = postSolution
		SolutionGuid = {64E53624-AEC1-4ABA-A185-5AA37EE4D77B}
	EndGlobalSection
EndGlobal
